// !$*UTF8*$!
{
	archiveVersion = 1;
	classes = {
	};
	objectVersion = 55;
	objects = {

/* Begin PBXBuildFile section */
		17289A0228901B4800D6EFCE /* CoursesViewController.swift in Sources */ = {isa = PBXBuildFile; fileRef = 17289A0028901B4800D6EFCE /* CoursesViewController.swift */; };
		17289A0328901B4800D6EFCE /* CoursesViewController.xib in Resources */ = {isa = PBXBuildFile; fileRef = 17289A0128901B4800D6EFCE /* CoursesViewController.xib */; };
		17289A0728901D9500D6EFCE /* ProfileViewController.swift in Sources */ = {isa = PBXBuildFile; fileRef = 17289A0528901D9500D6EFCE /* ProfileViewController.swift */; };
		17289A0828901D9500D6EFCE /* ProfileViewController.xib in Resources */ = {isa = PBXBuildFile; fileRef = 17289A0628901D9500D6EFCE /* ProfileViewController.xib */; };
		17289A0B28901E5400D6EFCE /* GradesViewController.swift in Sources */ = {isa = PBXBuildFile; fileRef = 17289A0928901E5400D6EFCE /* GradesViewController.swift */; };
		17289A0C28901E5400D6EFCE /* GradesViewController.xib in Resources */ = {isa = PBXBuildFile; fileRef = 17289A0A28901E5400D6EFCE /* GradesViewController.xib */; };
		17289A0F2890415E00D6EFCE /* TabBarController.swift in Sources */ = {isa = PBXBuildFile; fileRef = 17289A0E2890415E00D6EFCE /* TabBarController.swift */; };
		ACEDF6B22892948D00CCFF8B /* LoginViewController.xib in Resources */ = {isa = PBXBuildFile; fileRef = ACEDF6B02892948D00CCFF8B /* LoginViewController.xib */; };
		ACEDF6B32892948D00CCFF8B /* LoginViewController.swift in Sources */ = {isa = PBXBuildFile; fileRef = ACEDF6B12892948D00CCFF8B /* LoginViewController.swift */; };
		AF79B837288E75B800AA99BD /* AppDelegate.swift in Sources */ = {isa = PBXBuildFile; fileRef = AF79B836288E75B800AA99BD /* AppDelegate.swift */; };
		AF79B840288E75B900AA99BD /* Assets.xcassets in Resources */ = {isa = PBXBuildFile; fileRef = AF79B83F288E75B900AA99BD /* Assets.xcassets */; };
		AF79B843288E75B900AA99BD /* LaunchScreen.storyboard in Resources */ = {isa = PBXBuildFile; fileRef = AF79B841288E75B900AA99BD /* LaunchScreen.storyboard */; };
/* End PBXBuildFile section */

/* Begin PBXFileReference section */
		17289A0028901B4800D6EFCE /* CoursesViewController.swift */ = {isa = PBXFileReference; lastKnownFileType = sourcecode.swift; path = CoursesViewController.swift; sourceTree = "<group>"; };
		17289A0128901B4800D6EFCE /* CoursesViewController.xib */ = {isa = PBXFileReference; lastKnownFileType = file.xib; path = CoursesViewController.xib; sourceTree = "<group>"; };
		17289A0528901D9500D6EFCE /* ProfileViewController.swift */ = {isa = PBXFileReference; lastKnownFileType = sourcecode.swift; path = ProfileViewController.swift; sourceTree = "<group>"; };
		17289A0628901D9500D6EFCE /* ProfileViewController.xib */ = {isa = PBXFileReference; lastKnownFileType = file.xib; path = ProfileViewController.xib; sourceTree = "<group>"; };
		17289A0928901E5400D6EFCE /* GradesViewController.swift */ = {isa = PBXFileReference; lastKnownFileType = sourcecode.swift; path = GradesViewController.swift; sourceTree = "<group>"; };
		17289A0A28901E5400D6EFCE /* GradesViewController.xib */ = {isa = PBXFileReference; lastKnownFileType = file.xib; path = GradesViewController.xib; sourceTree = "<group>"; };
		17289A0E2890415E00D6EFCE /* TabBarController.swift */ = {isa = PBXFileReference; lastKnownFileType = sourcecode.swift; path = TabBarController.swift; sourceTree = "<group>"; };
		ACEDF6B02892948D00CCFF8B /* LoginViewController.xib */ = {isa = PBXFileReference; fileEncoding = 4; lastKnownFileType = file.xib; path = LoginViewController.xib; sourceTree = "<group>"; };
		ACEDF6B12892948D00CCFF8B /* LoginViewController.swift */ = {isa = PBXFileReference; fileEncoding = 4; lastKnownFileType = sourcecode.swift; path = LoginViewController.swift; sourceTree = "<group>"; };
		AF79B833288E75B800AA99BD /* Internship2022TeamSzabi.app */ = {isa = PBXFileReference; explicitFileType = wrapper.application; includeInIndex = 0; path = Internship2022TeamSzabi.app; sourceTree = BUILT_PRODUCTS_DIR; };
		AF79B836288E75B800AA99BD /* AppDelegate.swift */ = {isa = PBXFileReference; lastKnownFileType = sourcecode.swift; path = AppDelegate.swift; sourceTree = "<group>"; };
		AF79B83F288E75B900AA99BD /* Assets.xcassets */ = {isa = PBXFileReference; lastKnownFileType = folder.assetcatalog; path = Assets.xcassets; sourceTree = "<group>"; };
		AF79B842288E75B900AA99BD /* Base */ = {isa = PBXFileReference; lastKnownFileType = file.storyboard; name = Base; path = Base.lproj/LaunchScreen.storyboard; sourceTree = "<group>"; };
		AF79B844288E75B900AA99BD /* Info.plist */ = {isa = PBXFileReference; lastKnownFileType = text.plist.xml; path = Info.plist; sourceTree = "<group>"; };
		AFA30AF2288FEA8B00781179 /* Model.md */ = {isa = PBXFileReference; lastKnownFileType = net.daringfireball.markdown; path = Model.md; sourceTree = "<group>"; };
		AFA30AF3288FEAB000781179 /* Model.md */ = {isa = PBXFileReference; lastKnownFileType = net.daringfireball.markdown; path = Model.md; sourceTree = "<group>"; };
		AFA30AF4288FEACA00781179 /* ApiManager.md */ = {isa = PBXFileReference; lastKnownFileType = net.daringfireball.markdown; path = ApiManager.md; sourceTree = "<group>"; };
		AFA30AF5288FEADB00781179 /* Storage.md */ = {isa = PBXFileReference; lastKnownFileType = net.daringfireball.markdown; path = Storage.md; sourceTree = "<group>"; };
/* End PBXFileReference section */

/* Begin PBXFrameworksBuildPhase section */
		AF79B830288E75B800AA99BD /* Frameworks */ = {
			isa = PBXFrameworksBuildPhase;
			buildActionMask = 2147483647;
			files = (
			);
			runOnlyForDeploymentPostprocessing = 0;
		};
/* End PBXFrameworksBuildPhase section */

/* Begin PBXGroup section */
		172899FA28901A8B00D6EFCE /* GradesViewController */ = {
			isa = PBXGroup;
			children = (
				17289A0928901E5400D6EFCE /* GradesViewController.swift */,
				17289A0A28901E5400D6EFCE /* GradesViewController.xib */,
			);
			path = GradesViewController;
			sourceTree = "<group>";
		};
		17289A0428901D6700D6EFCE /* ProfileViewController */ = {
			isa = PBXGroup;
			children = (
				17289A0528901D9500D6EFCE /* ProfileViewController.swift */,
				17289A0628901D9500D6EFCE /* ProfileViewController.xib */,
			);
			path = ProfileViewController;
			sourceTree = "<group>";
		};
		17289A0D2890411000D6EFCE /* TabBarController */ = {
			isa = PBXGroup;
			children = (
				17289A0E2890415E00D6EFCE /* TabBarController.swift */,
			);
			path = TabBarController;
			sourceTree = "<group>";
		};
		17354F00288FEE8600CBC1F5 /* CoursesViewController */ = {
			isa = PBXGroup;
			children = (
				17289A0028901B4800D6EFCE /* CoursesViewController.swift */,
				17289A0128901B4800D6EFCE /* CoursesViewController.xib */,
			);
			path = CoursesViewController;
			sourceTree = "<group>";
		};
		ACEDF6AF2892948D00CCFF8B /* Login */ = {
			isa = PBXGroup;
			children = (
				ACEDF6B02892948D00CCFF8B /* LoginViewController.xib */,
				ACEDF6B12892948D00CCFF8B /* LoginViewController.swift */,
			);
			path = Login;
			sourceTree = "<group>";
		};
		AF79B82A288E75B800AA99BD = {
			isa = PBXGroup;
			children = (
				AF79B835288E75B800AA99BD /* Internship2022TeamSzabi */,
				AF79B834288E75B800AA99BD /* Products */,
			);
			sourceTree = "<group>";
		};
		AF79B834288E75B800AA99BD /* Products */ = {
			isa = PBXGroup;
			children = (
				AF79B833288E75B800AA99BD /* Internship2022TeamSzabi.app */,
			);
			name = Products;
			sourceTree = "<group>";
		};
		AF79B835288E75B800AA99BD /* Internship2022TeamSzabi */ = {
			isa = PBXGroup;
			children = (
				AFA30AEF288FE15200781179 /* Models */,
				AFA30AF0288FE15200781179 /* Networking */,
				AFA30AEE288FE15200781179 /* Persistance */,
				AF79B84D288E763000AA99BD /* Views */,
				AF79B836288E75B800AA99BD /* AppDelegate.swift */,
				AF79B844288E75B900AA99BD /* Info.plist */,
				AF79B83F288E75B900AA99BD /* Assets.xcassets */,
			);
			path = Internship2022TeamSzabi;
			sourceTree = "<group>";
		};
		AF79B84D288E763000AA99BD /* Views */ = {
			isa = PBXGroup;
			children = (
				ACEDF6AF2892948D00CCFF8B /* Login */,
				17289A0D2890411000D6EFCE /* TabBarController */,
				17289A0428901D6700D6EFCE /* ProfileViewController */,
				17354F00288FEE8600CBC1F5 /* CoursesViewController */,
				172899FA28901A8B00D6EFCE /* GradesViewController */,
				AF79B841288E75B900AA99BD /* LaunchScreen.storyboard */,
			);
			path = Views;
			sourceTree = "<group>";
		};
		AFA30AEE288FE15200781179 /* Persistance */ = {
			isa = PBXGroup;
			children = (
				AFA30AF5288FEADB00781179 /* Storage.md */,
			);
			path = Persistance;
			sourceTree = "<group>";
		};
		AFA30AEF288FE15200781179 /* Models */ = {
			isa = PBXGroup;
			children = (
				AFA30AF2288FEA8B00781179 /* Model.md */,
			);
			path = Models;
			sourceTree = "<group>";
		};
		AFA30AF0288FE15200781179 /* Networking */ = {
			isa = PBXGroup;
			children = (
				AFA30AF1288FE15200781179 /* Models */,
				AFA30AF4288FEACA00781179 /* ApiManager.md */,
			);
			path = Networking;
			sourceTree = "<group>";
		};
		AFA30AF1288FE15200781179 /* Models */ = {
			isa = PBXGroup;
			children = (
				AFA30AF3288FEAB000781179 /* Model.md */,
			);
			path = Models;
			sourceTree = "<group>";
		};
/* End PBXGroup section */

/* Begin PBXNativeTarget section */
		AF79B832288E75B800AA99BD /* Internship2022TeamSzabi */ = {
			isa = PBXNativeTarget;
			buildConfigurationList = AF79B847288E75B900AA99BD /* Build configuration list for PBXNativeTarget "Internship2022TeamSzabi" */;
			buildPhases = (
				AF79B82F288E75B800AA99BD /* Sources */,
				AF79B830288E75B800AA99BD /* Frameworks */,
				AF79B831288E75B800AA99BD /* Resources */,
				F02937B92892B8CD001144EF /* SwiftLint */,
			);
			buildRules = (
			);
			dependencies = (
			);
			name = Internship2022TeamSzabi;
			productName = Internship2022TeamSzabi;
			productReference = AF79B833288E75B800AA99BD /* Internship2022TeamSzabi.app */;
			productType = "com.apple.product-type.application";
		};
/* End PBXNativeTarget section */

/* Begin PBXProject section */
		AF79B82B288E75B800AA99BD /* Project object */ = {
			isa = PBXProject;
			attributes = {
				BuildIndependentTargetsInParallel = 1;
				LastSwiftUpdateCheck = 1330;
				LastUpgradeCheck = 1330;
				TargetAttributes = {
					AF79B832288E75B800AA99BD = {
						CreatedOnToolsVersion = 13.3;
					};
				};
			};
			buildConfigurationList = AF79B82E288E75B800AA99BD /* Build configuration list for PBXProject "Internship2022TeamSzabi" */;
			compatibilityVersion = "Xcode 13.0";
			developmentRegion = en;
			hasScannedForEncodings = 0;
			knownRegions = (
				en,
				Base,
			);
			mainGroup = AF79B82A288E75B800AA99BD;
			productRefGroup = AF79B834288E75B800AA99BD /* Products */;
			projectDirPath = "";
			projectRoot = "";
			targets = (
				AF79B832288E75B800AA99BD /* Internship2022TeamSzabi */,
			);
		};
/* End PBXProject section */

/* Begin PBXResourcesBuildPhase section */
		AF79B831288E75B800AA99BD /* Resources */ = {
			isa = PBXResourcesBuildPhase;
			buildActionMask = 2147483647;
			files = (
				AF79B843288E75B900AA99BD /* LaunchScreen.storyboard in Resources */,
				AF79B840288E75B900AA99BD /* Assets.xcassets in Resources */,
				ACEDF6B22892948D00CCFF8B /* LoginViewController.xib in Resources */,
				17289A0828901D9500D6EFCE /* ProfileViewController.xib in Resources */,
				17289A0328901B4800D6EFCE /* CoursesViewController.xib in Resources */,
				17289A0C28901E5400D6EFCE /* GradesViewController.xib in Resources */,
			);
			runOnlyForDeploymentPostprocessing = 0;
		};
/* End PBXResourcesBuildPhase section */

/* Begin PBXShellScriptBuildPhase section */
		F02937B92892B8CD001144EF /* SwiftLint */ = {
			isa = PBXShellScriptBuildPhase;
			buildActionMask = 2147483647;
			files = (
			);
			inputFileListPaths = (
			);
			inputPaths = (
			);
			name = SwiftLint;
			outputFileListPaths = (
			);
			outputPaths = (
			);
			runOnlyForDeploymentPostprocessing = 0;
			shellPath = /bin/sh;
			shellScript = "if which swiftlint >/dev/null; then\n  swiftlint\nelse\n  echo \"warning: SwiftLint not installed, download from https://github.com/realm/SwiftLint\"\nfi\n";
		};
/* End PBXShellScriptBuildPhase section */

/* Begin PBXSourcesBuildPhase section */
		AF79B82F288E75B800AA99BD /* Sources */ = {
			isa = PBXSourcesBuildPhase;
			buildActionMask = 2147483647;
			files = (
				ACEDF6B32892948D00CCFF8B /* LoginViewController.swift in Sources */,
				17289A0728901D9500D6EFCE /* ProfileViewController.swift in Sources */,
				17289A0F2890415E00D6EFCE /* TabBarController.swift in Sources */,
				AF79B837288E75B800AA99BD /* AppDelegate.swift in Sources */,
				17289A0B28901E5400D6EFCE /* GradesViewController.swift in Sources */,
				17289A0228901B4800D6EFCE /* CoursesViewController.swift in Sources */,
			);
			runOnlyForDeploymentPostprocessing = 0;
		};
/* End PBXSourcesBuildPhase section */

/* Begin PBXVariantGroup section */
		AF79B841288E75B900AA99BD /* LaunchScreen.storyboard */ = {
			isa = PBXVariantGroup;
			children = (
				AF79B842288E75B900AA99BD /* Base */,
			);
			name = LaunchScreen.storyboard;
			sourceTree = "<group>";
		};
/* End PBXVariantGroup section */

/* Begin XCBuildConfiguration section */
		AF79B845288E75B900AA99BD /* Debug */ = {
			isa = XCBuildConfiguration;
			buildSettings = {
				ALWAYS_SEARCH_USER_PATHS = NO;
				CLANG_ANALYZER_NONNULL = YES;
				CLANG_ANALYZER_NUMBER_OBJECT_CONVERSION = YES_AGGRESSIVE;
				CLANG_CXX_LANGUAGE_STANDARD = "gnu++17";
				CLANG_ENABLE_MODULES = YES;
				CLANG_ENABLE_OBJC_ARC = YES;
				CLANG_ENABLE_OBJC_WEAK = YES;
				CLANG_WARN_BLOCK_CAPTURE_AUTORELEASING = YES;
				CLANG_WARN_BOOL_CONVERSION = YES;
				CLANG_WARN_COMMA = YES;
				CLANG_WARN_CONSTANT_CONVERSION = YES;
				CLANG_WARN_DEPRECATED_OBJC_IMPLEMENTATIONS = YES;
				CLANG_WARN_DIRECT_OBJC_ISA_USAGE = YES_ERROR;
				CLANG_WARN_DOCUMENTATION_COMMENTS = YES;
				CLANG_WARN_EMPTY_BODY = YES;
				CLANG_WARN_ENUM_CONVERSION = YES;
				CLANG_WARN_INFINITE_RECURSION = YES;
				CLANG_WARN_INT_CONVERSION = YES;
				CLANG_WARN_NON_LITERAL_NULL_CONVERSION = YES;
				CLANG_WARN_OBJC_IMPLICIT_RETAIN_SELF = YES;
				CLANG_WARN_OBJC_LITERAL_CONVERSION = YES;
				CLANG_WARN_OBJC_ROOT_CLASS = YES_ERROR;
				CLANG_WARN_QUOTED_INCLUDE_IN_FRAMEWORK_HEADER = YES;
				CLANG_WARN_RANGE_LOOP_ANALYSIS = YES;
				CLANG_WARN_STRICT_PROTOTYPES = YES;
				CLANG_WARN_SUSPICIOUS_MOVE = YES;
				CLANG_WARN_UNGUARDED_AVAILABILITY = YES_AGGRESSIVE;
				CLANG_WARN_UNREACHABLE_CODE = YES;
				CLANG_WARN__DUPLICATE_METHOD_MATCH = YES;
				COPY_PHASE_STRIP = NO;
				DEBUG_INFORMATION_FORMAT = dwarf;
				ENABLE_STRICT_OBJC_MSGSEND = YES;
				ENABLE_TESTABILITY = YES;
				GCC_C_LANGUAGE_STANDARD = gnu11;
				GCC_DYNAMIC_NO_PIC = NO;
				GCC_NO_COMMON_BLOCKS = YES;
				GCC_OPTIMIZATION_LEVEL = 0;
				GCC_PREPROCESSOR_DEFINITIONS = (
					"DEBUG=1",
					"$(inherited)",
				);
				GCC_WARN_64_TO_32_BIT_CONVERSION = YES;
				GCC_WARN_ABOUT_RETURN_TYPE = YES_ERROR;
				GCC_WARN_UNDECLARED_SELECTOR = YES;
				GCC_WARN_UNINITIALIZED_AUTOS = YES_AGGRESSIVE;
				GCC_WARN_UNUSED_FUNCTION = YES;
				GCC_WARN_UNUSED_VARIABLE = YES;
				IPHONEOS_DEPLOYMENT_TARGET = 15.4;
				MTL_ENABLE_DEBUG_INFO = INCLUDE_SOURCE;
				MTL_FAST_MATH = YES;
				ONLY_ACTIVE_ARCH = YES;
				SDKROOT = iphoneos;
				SWIFT_ACTIVE_COMPILATION_CONDITIONS = DEBUG;
				SWIFT_OPTIMIZATION_LEVEL = "-Onone";
			};
			name = Debug;
		};
		AF79B846288E75B900AA99BD /* Release */ = {
			isa = XCBuildConfiguration;
			buildSettings = {
				ALWAYS_SEARCH_USER_PATHS = NO;
				CLANG_ANALYZER_NONNULL = YES;
				CLANG_ANALYZER_NUMBER_OBJECT_CONVERSION = YES_AGGRESSIVE;
				CLANG_CXX_LANGUAGE_STANDARD = "gnu++17";
				CLANG_ENABLE_MODULES = YES;
				CLANG_ENABLE_OBJC_ARC = YES;
				CLANG_ENABLE_OBJC_WEAK = YES;
				CLANG_WARN_BLOCK_CAPTURE_AUTORELEASING = YES;
				CLANG_WARN_BOOL_CONVERSION = YES;
				CLANG_WARN_COMMA = YES;
				CLANG_WARN_CONSTANT_CONVERSION = YES;
				CLANG_WARN_DEPRECATED_OBJC_IMPLEMENTATIONS = YES;
				CLANG_WARN_DIRECT_OBJC_ISA_USAGE = YES_ERROR;
				CLANG_WARN_DOCUMENTATION_COMMENTS = YES;
				CLANG_WARN_EMPTY_BODY = YES;
				CLANG_WARN_ENUM_CONVERSION = YES;
				CLANG_WARN_INFINITE_RECURSION = YES;
				CLANG_WARN_INT_CONVERSION = YES;
				CLANG_WARN_NON_LITERAL_NULL_CONVERSION = YES;
				CLANG_WARN_OBJC_IMPLICIT_RETAIN_SELF = YES;
				CLANG_WARN_OBJC_LITERAL_CONVERSION = YES;
				CLANG_WARN_OBJC_ROOT_CLASS = YES_ERROR;
				CLANG_WARN_QUOTED_INCLUDE_IN_FRAMEWORK_HEADER = YES;
				CLANG_WARN_RANGE_LOOP_ANALYSIS = YES;
				CLANG_WARN_STRICT_PROTOTYPES = YES;
				CLANG_WARN_SUSPICIOUS_MOVE = YES;
				CLANG_WARN_UNGUARDED_AVAILABILITY = YES_AGGRESSIVE;
				CLANG_WARN_UNREACHABLE_CODE = YES;
				CLANG_WARN__DUPLICATE_METHOD_MATCH = YES;
				COPY_PHASE_STRIP = NO;
				DEBUG_INFORMATION_FORMAT = "dwarf-with-dsym";
				ENABLE_NS_ASSERTIONS = NO;
				ENABLE_STRICT_OBJC_MSGSEND = YES;
				GCC_C_LANGUAGE_STANDARD = gnu11;
				GCC_NO_COMMON_BLOCKS = YES;
				GCC_WARN_64_TO_32_BIT_CONVERSION = YES;
				GCC_WARN_ABOUT_RETURN_TYPE = YES_ERROR;
				GCC_WARN_UNDECLARED_SELECTOR = YES;
				GCC_WARN_UNINITIALIZED_AUTOS = YES_AGGRESSIVE;
				GCC_WARN_UNUSED_FUNCTION = YES;
				GCC_WARN_UNUSED_VARIABLE = YES;
				IPHONEOS_DEPLOYMENT_TARGET = 15.4;
				MTL_ENABLE_DEBUG_INFO = NO;
				MTL_FAST_MATH = YES;
				SDKROOT = iphoneos;
				SWIFT_COMPILATION_MODE = wholemodule;
				SWIFT_OPTIMIZATION_LEVEL = "-O";
				VALIDATE_PRODUCT = YES;
			};
			name = Release;
		};
		AF79B848288E75B900AA99BD /* Debug */ = {
			isa = XCBuildConfiguration;
			buildSettings = {
				ASSETCATALOG_COMPILER_APPICON_NAME = AppIcon;
				ASSETCATALOG_COMPILER_GLOBAL_ACCENT_COLOR_NAME = AccentColor;
				CODE_SIGN_IDENTITY = "iPhone Developer";
				CODE_SIGN_STYLE = Manual;
				CURRENT_PROJECT_VERSION = 1;
				DEVELOPMENT_TEAM = 8GJN68M5RA;
				GENERATE_INFOPLIST_FILE = YES;
				INFOPLIST_FILE = Internship2022TeamSzabi/Info.plist;
				INFOPLIST_KEY_UIApplicationSupportsIndirectInputEvents = YES;
				INFOPLIST_KEY_UILaunchStoryboardName = LaunchScreen;
				INFOPLIST_KEY_UISupportedInterfaceOrientations = UIInterfaceOrientationPortrait;
				INFOPLIST_KEY_UISupportedInterfaceOrientations_iPad = "UIInterfaceOrientationPortrait UIInterfaceOrientationPortraitUpsideDown UIInterfaceOrientationLandscapeLeft UIInterfaceOrientationLandscapeRight";
				INFOPLIST_KEY_UISupportedInterfaceOrientations_iPhone = "UIInterfaceOrientationPortrait UIInterfaceOrientationLandscapeLeft UIInterfaceOrientationLandscapeRight";
				IPHONEOS_DEPLOYMENT_TARGET = 14.0;
				LD_RUNPATH_SEARCH_PATHS = (
					"$(inherited)",
					"@executable_path/Frameworks",
				);
				MARKETING_VERSION = 1.0;
				PRODUCT_BUNDLE_IDENTIFIER = com.endava.Internship2022TeamSzabi;
				PRODUCT_NAME = "$(TARGET_NAME)";
				PROVISIONING_PROFILE_SPECIFIER = "Wildcard Development Profile";
				SWIFT_EMIT_LOC_STRINGS = YES;
				SWIFT_VERSION = 5.0;
				TARGETED_DEVICE_FAMILY = 1;
			};
			name = Debug;
		};
		AF79B849288E75B900AA99BD /* Release */ = {
			isa = XCBuildConfiguration;
			buildSettings = {
				ASSETCATALOG_COMPILER_APPICON_NAME = AppIcon;
				ASSETCATALOG_COMPILER_GLOBAL_ACCENT_COLOR_NAME = AccentColor;
				CODE_SIGN_IDENTITY = "iPhone Developer";
				CODE_SIGN_STYLE = Manual;
				CURRENT_PROJECT_VERSION = 1;
				DEVELOPMENT_TEAM = 8GJN68M5RA;
				GENERATE_INFOPLIST_FILE = YES;
				INFOPLIST_FILE = Internship2022TeamSzabi/Info.plist;
				INFOPLIST_KEY_UIApplicationSupportsIndirectInputEvents = YES;
				INFOPLIST_KEY_UILaunchStoryboardName = LaunchScreen;
				INFOPLIST_KEY_UISupportedInterfaceOrientations = UIInterfaceOrientationPortrait;
				INFOPLIST_KEY_UISupportedInterfaceOrientations_iPad = "UIInterfaceOrientationPortrait UIInterfaceOrientationPortraitUpsideDown UIInterfaceOrientationLandscapeLeft UIInterfaceOrientationLandscapeRight";
				INFOPLIST_KEY_UISupportedInterfaceOrientations_iPhone = "UIInterfaceOrientationPortrait UIInterfaceOrientationLandscapeLeft UIInterfaceOrientationLandscapeRight";
				IPHONEOS_DEPLOYMENT_TARGET = 14.0;
				LD_RUNPATH_SEARCH_PATHS = (
					"$(inherited)",
					"@executable_path/Frameworks",
				);
				MARKETING_VERSION = 1.0;
				PRODUCT_BUNDLE_IDENTIFIER = com.endava.Internship2022TeamSzabi;
				PRODUCT_NAME = "$(TARGET_NAME)";
				PROVISIONING_PROFILE_SPECIFIER = "Wildcard Development Profile";
				SWIFT_EMIT_LOC_STRINGS = YES;
				SWIFT_VERSION = 5.0;
				TARGETED_DEVICE_FAMILY = 1;
			};
			name = Release;
		};
/* End XCBuildConfiguration section */

/* Begin XCConfigurationList section */
		AF79B82E288E75B800AA99BD /* Build configuration list for PBXProject "Internship2022TeamSzabi" */ = {
			isa = XCConfigurationList;
			buildConfigurations = (
				AF79B845288E75B900AA99BD /* Debug */,
				AF79B846288E75B900AA99BD /* Release */,
			);
			defaultConfigurationIsVisible = 0;
			defaultConfigurationName = Release;
		};
		AF79B847288E75B900AA99BD /* Build configuration list for PBXNativeTarget "Internship2022TeamSzabi" */ = {
			isa = XCConfigurationList;
			buildConfigurations = (
				AF79B848288E75B900AA99BD /* Debug */,
				AF79B849288E75B900AA99BD /* Release */,
			);
			defaultConfigurationIsVisible = 0;
			defaultConfigurationName = Release;
		};
/* End XCConfigurationList section */
	};
	rootObject = AF79B82B288E75B800AA99BD /* Project object */;
}
